
Microsoft Visual Studio Solution File, Format Version 12.00
# Visual Studio Version 17
VisualStudioVersion = 17.10.35122.118
MinimumVisualStudioVersion = 10.0.40219.1
Project("{FAE04EC0-301F-11D3-BF4B-00C04F79EFBC}") = "AWS.SecretManager", "AWS.SecretManager\AWS.SecretManager.csproj", "{40264E22-5C1F-465D-876D-6DC4A06BEA7B}"
EndProject
Global
	GlobalSection(SolutionConfigurationPlatforms) = preSolution
		Debug|Any CPU = Debug|Any CPU
		Release|Any CPU = Release|Any CPU
	EndGlobalSection
	GlobalSection(ProjectConfigurationPlatforms) = postSolution
		{40264E22-5C1F-465D-876D-6DC4A06BEA7B}.Debug|Any CPU.ActiveCfg = Debug|Any CPU
		{40264E22-5C1F-465D-876D-6DC4A06BEA7B}.Debug|Any CPU.Build.0 = Debug|Any CPU
		{40264E22-5C1F-465D-876D-6DC4A06BEA7B}.Release|Any CPU.ActiveCfg = Release|Any CPU
		{40264E22-5C1F-465D-876D-6DC4A06BEA7B}.Release|Any CPU.Build.0 = Release|Any CPU
	EndGlobalSection
	GlobalSection(SolutionProperties) = preSolution
		HideSolutionNode = FALSE
	EndGlobalSection
	GlobalSection(ExtensibilityGlobals) = postSolution
		SolutionGuid = {3400021C-D16C-4566-8CFD-FF42118F3FEE}
	EndGlobalSection
EndGlobal
